
Microsoft Visual Studio Solution File, Format Version 12.00
# Visual Studio Version 17
VisualStudioVersion = 17.13.35931.197 d17.13
MinimumVisualStudioVersion = 10.0.40219.1
Project("{FAE04EC0-301F-11D3-BF4B-00C04F79EFBC}") = "18_ValidaCPF", "18_ValidaCPF.csproj", "{1FC65F75-E548-4656-A64E-B9C520C3689B}"
EndProject
Global
	GlobalSection(SolutionConfigurationPlatforms) = preSolution
		Debug|Any CPU = Debug|Any CPU
		Release|Any CPU = Release|Any CPU
	EndGlobalSection
	GlobalSection(ProjectConfigurationPlatforms) = postSolution
		{1FC65F75-E548-4656-A64E-B9C520C3689B}.Debug|Any CPU.ActiveCfg = Debug|Any CPU
		{1FC65F75-E548-4656-A64E-B9C520C3689B}.Debug|Any CPU.Build.0 = Debug|Any CPU
		{1FC65F75-E548-4656-A64E-B9C520C3689B}.Release|Any CPU.ActiveCfg = Release|Any CPU
		{1FC65F75-E548-4656-A64E-B9C520C3689B}.Release|Any CPU.Build.0 = Release|Any CPU
	EndGlobalSection
	GlobalSection(SolutionProperties) = preSolution
		HideSolutionNode = FALSE
	EndGlobalSection
	GlobalSection(ExtensibilityGlobals) = postSolution
		SolutionGuid = {32A24518-AD37-4799-954E-A11E7C1ED43C}
	EndGlobalSection
EndGlobal
