
Microsoft Visual Studio Solution File, Format Version 12.00
# Visual Studio Version 17
VisualStudioVersion = 17.13.35931.197 d17.13
MinimumVisualStudioVersion = 10.0.40219.1
Project("{FAE04EC0-301F-11D3-BF4B-00C04F79EFBC}") = "09_Heranca", "09_Heranca.csproj", "{C4133575-B5B5-4272-B03D-05CAAE94D0FD}"
EndProject
Global
	GlobalSection(SolutionConfigurationPlatforms) = preSolution
		Debug|Any CPU = Debug|Any CPU
		Release|Any CPU = Release|Any CPU
	EndGlobalSection
	GlobalSection(ProjectConfigurationPlatforms) = postSolution
		{C4133575-B5B5-4272-B03D-05CAAE94D0FD}.Debug|Any CPU.ActiveCfg = Debug|Any CPU
		{C4133575-B5B5-4272-B03D-05CAAE94D0FD}.Debug|Any CPU.Build.0 = Debug|Any CPU
		{C4133575-B5B5-4272-B03D-05CAAE94D0FD}.Release|Any CPU.ActiveCfg = Release|Any CPU
		{C4133575-B5B5-4272-B03D-05CAAE94D0FD}.Release|Any CPU.Build.0 = Release|Any CPU
	EndGlobalSection
	GlobalSection(SolutionProperties) = preSolution
		HideSolutionNode = FALSE
	EndGlobalSection
	GlobalSection(ExtensibilityGlobals) = postSolution
		SolutionGuid = {777BBF81-9673-4D5C-BCED-0A38ED6AEC74}
	EndGlobalSection
EndGlobal
